
Microsoft Visual Studio Solution File, Format Version 12.00
# Visual Studio Version 17
VisualStudioVersion = 17.3.32922.545
MinimumVisualStudioVersion = 10.0.40219.1
Project("{FAE04EC0-301F-11D3-BF4B-00C04F79EFBC}") = "ArcanumIsland", "ArcanumIsland\ArcanumIsland.csproj", "{D4CB4A5A-BB68-48D6-B66A-40A183CA60D8}"
EndProject
Global
	GlobalSection(SolutionConfigurationPlatforms) = preSolution
		Debug|Any CPU = Debug|Any CPU
		Release|Any CPU = Release|Any CPU
	EndGlobalSection
	GlobalSection(ProjectConfigurationPlatforms) = postSolution
		{D4CB4A5A-BB68-48D6-B66A-40A183CA60D8}.Debug|Any CPU.ActiveCfg = Debug|Any CPU
		{D4CB4A5A-BB68-48D6-B66A-40A183CA60D8}.Debug|Any CPU.Build.0 = Debug|Any CPU
		{D4CB4A5A-BB68-48D6-B66A-40A183CA60D8}.Release|Any CPU.ActiveCfg = Release|Any CPU
		{D4CB4A5A-BB68-48D6-B66A-40A183CA60D8}.Release|Any CPU.Build.0 = Release|Any CPU
	EndGlobalSection
	GlobalSection(SolutionProperties) = preSolution
		HideSolutionNode = FALSE
	EndGlobalSection
	GlobalSection(ExtensibilityGlobals) = postSolution
		SolutionGuid = {139E1D89-1E19-490F-B575-1B5AA94A0A6E}
	EndGlobalSection
EndGlobal
